
Microsoft Visual Studio Solution File, Format Version 12.00
# Visual Studio Version 16
VisualStudioVersion = 16.0.31129.286
MinimumVisualStudioVersion = 10.0.40219.1
Project("{8BC9CEB8-8B4A-11D0-8D11-00A0C91BC942}") = "Neuro Net DLL", "Neuro Net DLL\Neuro Net DLL.vcxproj", "{9F20E9A3-23DC-4767-8852-FFA4D8EBC400}"
EndProject
Project("{8BC9CEB8-8B4A-11D0-8D11-00A0C91BC942}") = "Neuro Net Includes", "Neuro Net Includes\Neuro Net Includes.vcxproj", "{D90F5642-58F0-4763-90C2-823E6B0938C4}"
EndProject
Global
	GlobalSection(SolutionConfigurationPlatforms) = preSolution
		Debug|x64 = Debug|x64
		Debug|x86 = Debug|x86
		Release|x64 = Release|x64
		Release|x86 = Release|x86
	EndGlobalSection
	GlobalSection(ProjectConfigurationPlatforms) = postSolution
		{9F20E9A3-23DC-4767-8852-FFA4D8EBC400}.Debug|x64.ActiveCfg = Debug|x64
		{9F20E9A3-23DC-4767-8852-FFA4D8EBC400}.Debug|x64.Build.0 = Debug|x64
		{9F20E9A3-23DC-4767-8852-FFA4D8EBC400}.Debug|x86.ActiveCfg = Debug|Win32
		{9F20E9A3-23DC-4767-8852-FFA4D8EBC400}.Debug|x86.Build.0 = Debug|Win32
		{9F20E9A3-23DC-4767-8852-FFA4D8EBC400}.Release|x64.ActiveCfg = Release|x64
		{9F20E9A3-23DC-4767-8852-FFA4D8EBC400}.Release|x64.Build.0 = Release|x64
		{9F20E9A3-23DC-4767-8852-FFA4D8EBC400}.Release|x86.ActiveCfg = Release|Win32
		{9F20E9A3-23DC-4767-8852-FFA4D8EBC400}.Release|x86.Build.0 = Release|Win32
		{D90F5642-58F0-4763-90C2-823E6B0938C4}.Debug|x64.ActiveCfg = Debug|x64
		{D90F5642-58F0-4763-90C2-823E6B0938C4}.Debug|x64.Build.0 = Debug|x64
		{D90F5642-58F0-4763-90C2-823E6B0938C4}.Debug|x86.ActiveCfg = Debug|Win32
		{D90F5642-58F0-4763-90C2-823E6B0938C4}.Debug|x86.Build.0 = Debug|Win32
		{D90F5642-58F0-4763-90C2-823E6B0938C4}.Release|x64.ActiveCfg = Release|x64
		{D90F5642-58F0-4763-90C2-823E6B0938C4}.Release|x64.Build.0 = Release|x64
		{D90F5642-58F0-4763-90C2-823E6B0938C4}.Release|x86.ActiveCfg = Release|Win32
		{D90F5642-58F0-4763-90C2-823E6B0938C4}.Release|x86.Build.0 = Release|Win32
	EndGlobalSection
	GlobalSection(SolutionProperties) = preSolution
		HideSolutionNode = FALSE
	EndGlobalSection
	GlobalSection(ExtensibilityGlobals) = postSolution
		SolutionGuid = {2E958DDF-308A-4AAB-A4A1-3DE67DDE8E63}
	EndGlobalSection
EndGlobal
